{
  "name": "skproject",
  "version": "1.0.0",
  "lockfileVersion": 1,
  "requires": true,
  "dependencies": {
    "@zeit-ui/style": {
      "version": "0.9.3",
      "resolved": "https://registry.npmjs.org/@zeit-ui/style/-/style-0.9.3.tgz",
      "integrity": "sha512-1krHtXZT0cfeNxW9zw82duGHPdPYmWX5kOmYmFwkyecrwpH7qqGhsVKZfsePUg70k6oPXsm96hujlgxXOywhvQ=="
    }
  }
}
